Microsoft Visual Studio Solution File, Format Version 12.00
# Visual Studio 15
VisualStudioVersion = 15.0.26228.4
MinimumVisualStudioVersion = 15.0.26124.0
Project("{2150E333-8FDC-42A3-9474-1A3956D46DE8}") = "src", "src", "{0F9DC211-31E4-4C89-96DC-E617A75EBF8E}"
EndProject
Project("{FAE04EC0-301F-11D3-BF4B-00C04F79EFBC}") = "RedShells.Core", "src\RedShells.Core\RedShells.Core.csproj", "{C6D38473-FCF3-478F-8898-D9854CA4F9A0}"
EndProject
Project("{FAE04EC0-301F-11D3-BF4B-00C04F79EFBC}") = "RedShells.Data", "src\RedShells.Data\RedShells.Data.csproj", "{31905F06-2B06-4D94-948A-7E86FC20C844}"
EndProject
Project("{FAE04EC0-301F-11D3-BF4B-00C04F79EFBC}") = "RedShells.PowerShell", "src\RedShells.PowerShell\RedShells.PowerShell.csproj", "{30CEEB68-47F1-4D5E-B145-D9681AFDEE0F}"
EndProject
Project("{FAE04EC0-301F-11D3-BF4B-00C04F79EFBC}") = "RedShells.Test", "src\RedShells.Test\RedShells.Test.csproj", "{288530F2-DD59-4B12-90E8-989EBC8EAF10}"
EndProject
Global
	GlobalSection(SolutionConfigurationPlatforms) = preSolution
		Debug|Any CPU = Debug|Any CPU
		Debug|x64 = Debug|x64
		Debug|x86 = Debug|x86
		Release|Any CPU = Release|Any CPU
		Release|x64 = Release|x64
		Release|x86 = Release|x86
	EndGlobalSection
	GlobalSection(ProjectConfigurationPlatforms) = postSolution
		{C6D38473-FCF3-478F-8898-D9854CA4F9A0}.Debug|Any CPU.ActiveCfg = Debug|Any CPU
		{C6D38473-FCF3-478F-8898-D9854CA4F9A0}.Debug|Any CPU.Build.0 = Debug|Any CPU
		{C6D38473-FCF3-478F-8898-D9854CA4F9A0}.Debug|x64.ActiveCfg = Debug|Any CPU
		{C6D38473-FCF3-478F-8898-D9854CA4F9A0}.Debug|x64.Build.0 = Debug|Any CPU
		{C6D38473-FCF3-478F-8898-D9854CA4F9A0}.Debug|x86.ActiveCfg = Debug|Any CPU
		{C6D38473-FCF3-478F-8898-D9854CA4F9A0}.Debug|x86.Build.0 = Debug|Any CPU
		{C6D38473-FCF3-478F-8898-D9854CA4F9A0}.Release|Any CPU.ActiveCfg = Release|Any CPU
		{C6D38473-FCF3-478F-8898-D9854CA4F9A0}.Release|Any CPU.Build.0 = Release|Any CPU
		{C6D38473-FCF3-478F-8898-D9854CA4F9A0}.Release|x64.ActiveCfg = Release|Any CPU
		{C6D38473-FCF3-478F-8898-D9854CA4F9A0}.Release|x64.Build.0 = Release|Any CPU
		{C6D38473-FCF3-478F-8898-D9854CA4F9A0}.Release|x86.ActiveCfg = Release|Any CPU
		{C6D38473-FCF3-478F-8898-D9854CA4F9A0}.Release|x86.Build.0 = Release|Any CPU
		{31905F06-2B06-4D94-948A-7E86FC20C844}.Debug|Any CPU.ActiveCfg = Debug|Any CPU
		{31905F06-2B06-4D94-948A-7E86FC20C844}.Debug|Any CPU.Build.0 = Debug|Any CPU
		{31905F06-2B06-4D94-948A-7E86FC20C844}.Debug|x64.ActiveCfg = Debug|Any CPU
		{31905F06-2B06-4D94-948A-7E86FC20C844}.Debug|x64.Build.0 = Debug|Any CPU
		{31905F06-2B06-4D94-948A-7E86FC20C844}.Debug|x86.ActiveCfg = Debug|Any CPU
		{31905F06-2B06-4D94-948A-7E86FC20C844}.Debug|x86.Build.0 = Debug|Any CPU
		{31905F06-2B06-4D94-948A-7E86FC20C844}.Release|Any CPU.ActiveCfg = Release|Any CPU
		{31905F06-2B06-4D94-948A-7E86FC20C844}.Release|Any CPU.Build.0 = Release|Any CPU
		{31905F06-2B06-4D94-948A-7E86FC20C844}.Release|x64.ActiveCfg = Release|Any CPU
		{31905F06-2B06-4D94-948A-7E86FC20C844}.Release|x64.Build.0 = Release|Any CPU
		{31905F06-2B06-4D94-948A-7E86FC20C844}.Release|x86.ActiveCfg = Release|Any CPU
		{31905F06-2B06-4D94-948A-7E86FC20C844}.Release|x86.Build.0 = Release|Any CPU
		{30CEEB68-47F1-4D5E-B145-D9681AFDEE0F}.Debug|Any CPU.ActiveCfg = Debug|Any CPU
		{30CEEB68-47F1-4D5E-B145-D9681AFDEE0F}.Debug|Any CPU.Build.0 = Debug|Any CPU
		{30CEEB68-47F1-4D5E-B145-D9681AFDEE0F}.Debug|x64.ActiveCfg = Debug|Any CPU
		{30CEEB68-47F1-4D5E-B145-D9681AFDEE0F}.Debug|x64.Build.0 = Debug|Any CPU
		{30CEEB68-47F1-4D5E-B145-D9681AFDEE0F}.Debug|x86.ActiveCfg = Debug|Any CPU
		{30CEEB68-47F1-4D5E-B145-D9681AFDEE0F}.Debug|x86.Build.0 = Debug|Any CPU
		{30CEEB68-47F1-4D5E-B145-D9681AFDEE0F}.Release|Any CPU.ActiveCfg = Release|Any CPU
		{30CEEB68-47F1-4D5E-B145-D9681AFDEE0F}.Release|Any CPU.Build.0 = Release|Any CPU
		{30CEEB68-47F1-4D5E-B145-D9681AFDEE0F}.Release|x64.ActiveCfg = Release|Any CPU
		{30CEEB68-47F1-4D5E-B145-D9681AFDEE0F}.Release|x64.Build.0 = Release|Any CPU
		{30CEEB68-47F1-4D5E-B145-D9681AFDEE0F}.Release|x86.ActiveCfg = Release|Any CPU
		{30CEEB68-47F1-4D5E-B145-D9681AFDEE0F}.Release|x86.Build.0 = Release|Any CPU
		{288530F2-DD59-4B12-90E8-989EBC8EAF10}.Debug|Any CPU.ActiveCfg = Debug|Any CPU
		{288530F2-DD59-4B12-90E8-989EBC8EAF10}.Debug|Any CPU.Build.0 = Debug|Any CPU
		{288530F2-DD59-4B12-90E8-989EBC8EAF10}.Debug|x64.ActiveCfg = Debug|Any CPU
		{288530F2-DD59-4B12-90E8-989EBC8EAF10}.Debug|x64.Build.0 = Debug|Any CPU
		{288530F2-DD59-4B12-90E8-989EBC8EAF10}.Debug|x86.ActiveCfg = Debug|Any CPU
		{288530F2-DD59-4B12-90E8-989EBC8EAF10}.Debug|x86.Build.0 = Debug|Any CPU
		{288530F2-DD59-4B12-90E8-989EBC8EAF10}.Release|Any CPU.ActiveCfg = Release|Any CPU
		{288530F2-DD59-4B12-90E8-989EBC8EAF10}.Release|Any CPU.Build.0 = Release|Any CPU
		{288530F2-DD59-4B12-90E8-989EBC8EAF10}.Release|x64.ActiveCfg = Release|Any CPU
		{288530F2-DD59-4B12-90E8-989EBC8EAF10}.Release|x64.Build.0 = Release|Any CPU
		{288530F2-DD59-4B12-90E8-989EBC8EAF10}.Release|x86.ActiveCfg = Release|Any CPU
		{288530F2-DD59-4B12-90E8-989EBC8EAF10}.Release|x86.Build.0 = Release|Any CPU
	EndGlobalSection
	GlobalSection(SolutionProperties) = preSolution
		HideSolutionNode = FALSE
	EndGlobalSection
	GlobalSection(NestedProjects) = preSolution
		{C6D38473-FCF3-478F-8898-D9854CA4F9A0} = {0F9DC211-31E4-4C89-96DC-E617A75EBF8E}
		{31905F06-2B06-4D94-948A-7E86FC20C844} = {0F9DC211-31E4-4C89-96DC-E617A75EBF8E}
		{30CEEB68-47F1-4D5E-B145-D9681AFDEE0F} = {0F9DC211-31E4-4C89-96DC-E617A75EBF8E}
		{288530F2-DD59-4B12-90E8-989EBC8EAF10} = {0F9DC211-31E4-4C89-96DC-E617A75EBF8E}
	EndGlobalSection
EndGlobal
