
Microsoft Visual Studio Solution File, Format Version 11.00
# Visual Studio 2010
Project("{FAE04EC0-301F-11D3-BF4B-00C04F79EFBC}") = "RedShells", "RedShells\RedShells.csproj", "{09D63858-2503-4DF6-9845-B4BE02DF7680}"
EndProject
Project("{FAE04EC0-301F-11D3-BF4B-00C04F79EFBC}") = "RedShells.Test", "RedShells.Test\RedShells.Test.csproj", "{A4482C07-7B65-4396-8498-AB4D3390AB25}"
EndProject
Global
	GlobalSection(SolutionConfigurationPlatforms) = preSolution
		Debug|Any CPU = Debug|Any CPU
		Release|Any CPU = Release|Any CPU
	EndGlobalSection
	GlobalSection(ProjectConfigurationPlatforms) = postSolution
		{09D63858-2503-4DF6-9845-B4BE02DF7680}.Debug|Any CPU.ActiveCfg = Debug|Any CPU
		{09D63858-2503-4DF6-9845-B4BE02DF7680}.Debug|Any CPU.Build.0 = Debug|Any CPU
		{09D63858-2503-4DF6-9845-B4BE02DF7680}.Release|Any CPU.ActiveCfg = Release|Any CPU
		{09D63858-2503-4DF6-9845-B4BE02DF7680}.Release|Any CPU.Build.0 = Release|Any CPU
		{A4482C07-7B65-4396-8498-AB4D3390AB25}.Debug|Any CPU.ActiveCfg = Debug|Any CPU
		{A4482C07-7B65-4396-8498-AB4D3390AB25}.Debug|Any CPU.Build.0 = Debug|Any CPU
		{A4482C07-7B65-4396-8498-AB4D3390AB25}.Release|Any CPU.ActiveCfg = Release|Any CPU
		{A4482C07-7B65-4396-8498-AB4D3390AB25}.Release|Any CPU.Build.0 = Release|Any CPU
	EndGlobalSection
	GlobalSection(SolutionProperties) = preSolution
		HideSolutionNode = FALSE
	EndGlobalSection
EndGlobal
